// !$*UTF8*$!
{
	archiveVersion = 1;
	classes = {
	};
	objectVersion = 55;
	objects = {

/* Begin PBXBuildFile section */
		9CD989B5284666F9005028B4 /* MTGCommAchievementsApp.swift in Sources */ = {isa = PBXBuildFile; fileRef = 9CD989B4284666F9005028B4 /* MTGCommAchievementsApp.swift */; };
		9CD989B9284666F9005028B4 /* Assets.xcassets in Resources */ = {isa = PBXBuildFile; fileRef = 9CD989B8284666F9005028B4 /* Assets.xcassets */; };
		9CD989BC284666F9005028B4 /* Preview Assets.xcassets in Resources */ = {isa = PBXBuildFile; fileRef = 9CD989BB284666F9005028B4 /* Preview Assets.xcassets */; };
		9CD989BE284666F9005028B4 /* Persistence.swift in Sources */ = {isa = PBXBuildFile; fileRef = 9CD989BD284666F9005028B4 /* Persistence.swift */; };
		9CD989C1284666F9005028B4 /* MTGCommAchievements.xcdatamodeld in Sources */ = {isa = PBXBuildFile; fileRef = 9CD989BF284666F9005028B4 /* MTGCommAchievements.xcdatamodeld */; };
		9CD989CB284666F9005028B4 /* MTGCommAchievementsTests.swift in Sources */ = {isa = PBXBuildFile; fileRef = 9CD989CA284666F9005028B4 /* MTGCommAchievementsTests.swift */; };
		9CD989D5284666F9005028B4 /* MTGCommAchievementsUITests.swift in Sources */ = {isa = PBXBuildFile; fileRef = 9CD989D4284666F9005028B4 /* MTGCommAchievementsUITests.swift */; };
		9CD989D7284666F9005028B4 /* MTGCommAchievementsUITestsLaunchTests.swift in Sources */ = {isa = PBXBuildFile; fileRef = 9CD989D6284666F9005028B4 /* MTGCommAchievementsUITestsLaunchTests.swift */; };
		9CD989E428467321005028B4 /* AchievementService.swift in Sources */ = {isa = PBXBuildFile; fileRef = 9CD989E328467321005028B4 /* AchievementService.swift */; };
		9CD989E7284676EB005028B4 /* Achievement.swift in Sources */ = {isa = PBXBuildFile; fileRef = 9CD989E6284676EB005028B4 /* Achievement.swift */; };
		9CD989E9284679A9005028B4 /* Achievements.swift in Sources */ = {isa = PBXBuildFile; fileRef = 9CD989E8284679A9005028B4 /* Achievements.swift */; };
		9CD989EC28467A53005028B4 /* AchievementsViewModel.swift in Sources */ = {isa = PBXBuildFile; fileRef = 9CD989EB28467A53005028B4 /* AchievementsViewModel.swift */; };
		9CD989EF2849449B005028B4 /* CreatePlayer.swift in Sources */ = {isa = PBXBuildFile; fileRef = 9CD989EE2849449B005028B4 /* CreatePlayer.swift */; };
/* End PBXBuildFile section */

/* Begin PBXContainerItemProxy section */
		9CD989C7284666F9005028B4 /* PBXContainerItemProxy */ = {
			isa = PBXContainerItemProxy;
			containerPortal = 9CD989A9284666F9005028B4 /* Project object */;
			proxyType = 1;
			remoteGlobalIDString = 9CD989B0284666F9005028B4;
			remoteInfo = MTGCommAchievements;
		};
		9CD989D1284666F9005028B4 /* PBXContainerItemProxy */ = {
			isa = PBXContainerItemProxy;
			containerPortal = 9CD989A9284666F9005028B4 /* Project object */;
			proxyType = 1;
			remoteGlobalIDString = 9CD989B0284666F9005028B4;
			remoteInfo = MTGCommAchievements;
		};
/* End PBXContainerItemProxy section */

/* Begin PBXFileReference section */
		9CD989B1284666F9005028B4 /* MTGCommAchievements.app */ = {isa = PBXFileReference; explicitFileType = wrapper.application; includeInIndex = 0; path = MTGCommAchievements.app; sourceTree = BUILT_PRODUCTS_DIR; };
		9CD989B4284666F9005028B4 /* MTGCommAchievementsApp.swift */ = {isa = PBXFileReference; lastKnownFileType = sourcecode.swift; path = MTGCommAchievementsApp.swift; sourceTree = "<group>"; };
		9CD989B8284666F9005028B4 /* Assets.xcassets */ = {isa = PBXFileReference; lastKnownFileType = folder.assetcatalog; path = Assets.xcassets; sourceTree = "<group>"; };
		9CD989BB284666F9005028B4 /* Preview Assets.xcassets */ = {isa = PBXFileReference; lastKnownFileType = folder.assetcatalog; path = "Preview Assets.xcassets"; sourceTree = "<group>"; };
		9CD989BD284666F9005028B4 /* Persistence.swift */ = {isa = PBXFileReference; lastKnownFileType = sourcecode.swift; path = Persistence.swift; sourceTree = "<group>"; };
		9CD989C0284666F9005028B4 /* MTGCommAchievements.xcdatamodel */ = {isa = PBXFileReference; lastKnownFileType = wrapper.xcdatamodel; path = MTGCommAchievements.xcdatamodel; sourceTree = "<group>"; };
		9CD989C6284666F9005028B4 /* MTGCommAchievementsTests.xctest */ = {isa = PBXFileReference; explicitFileType = wrapper.cfbundle; includeInIndex = 0; path = MTGCommAchievementsTests.xctest; sourceTree = BUILT_PRODUCTS_DIR; };
		9CD989CA284666F9005028B4 /* MTGCommAchievementsTests.swift */ = {isa = PBXFileReference; lastKnownFileType = sourcecode.swift; path = MTGCommAchievementsTests.swift; sourceTree = "<group>"; };
		9CD989D0284666F9005028B4 /* MTGCommAchievementsUITests.xctest */ = {isa = PBXFileReference; explicitFileType = wrapper.cfbundle; includeInIndex = 0; path = MTGCommAchievementsUITests.xctest; sourceTree = BUILT_PRODUCTS_DIR; };
		9CD989D4284666F9005028B4 /* MTGCommAchievementsUITests.swift */ = {isa = PBXFileReference; lastKnownFileType = sourcecode.swift; path = MTGCommAchievementsUITests.swift; sourceTree = "<group>"; };
		9CD989D6284666F9005028B4 /* MTGCommAchievementsUITestsLaunchTests.swift */ = {isa = PBXFileReference; lastKnownFileType = sourcecode.swift; path = MTGCommAchievementsUITestsLaunchTests.swift; sourceTree = "<group>"; };
		9CD989E328467321005028B4 /* AchievementService.swift */ = {isa = PBXFileReference; lastKnownFileType = sourcecode.swift; path = AchievementService.swift; sourceTree = "<group>"; };
		9CD989E6284676EB005028B4 /* Achievement.swift */ = {isa = PBXFileReference; lastKnownFileType = sourcecode.swift; path = Achievement.swift; sourceTree = "<group>"; };
		9CD989E8284679A9005028B4 /* Achievements.swift */ = {isa = PBXFileReference; lastKnownFileType = sourcecode.swift; path = Achievements.swift; sourceTree = "<group>"; };
		9CD989EB28467A53005028B4 /* AchievementsViewModel.swift */ = {isa = PBXFileReference; lastKnownFileType = sourcecode.swift; path = AchievementsViewModel.swift; sourceTree = "<group>"; };
		9CD989ED2846880B005028B4 /* Info.plist */ = {isa = PBXFileReference; lastKnownFileType = text.plist; path = Info.plist; sourceTree = "<group>"; };
		9CD989EE2849449B005028B4 /* CreatePlayer.swift */ = {isa = PBXFileReference; lastKnownFileType = sourcecode.swift; path = CreatePlayer.swift; sourceTree = "<group>"; };
/* End PBXFileReference section */

/* Begin PBXFrameworksBuildPhase section */
		9CD989AE284666F9005028B4 /* Frameworks */ = {
			isa = PBXFrameworksBuildPhase;
			buildActionMask = 2147483647;
			files = (
			);
			runOnlyForDeploymentPostprocessing = 0;
		};
		9CD989C3284666F9005028B4 /* Frameworks */ = {
			isa = PBXFrameworksBuildPhase;
			buildActionMask = 2147483647;
			files = (
			);
			runOnlyForDeploymentPostprocessing = 0;
		};
		9CD989CD284666F9005028B4 /* Frameworks */ = {
			isa = PBXFrameworksBuildPhase;
			buildActionMask = 2147483647;
			files = (
			);
			runOnlyForDeploymentPostprocessing = 0;
		};
/* End PBXFrameworksBuildPhase section */

/* Begin PBXGroup section */
		9CD989A8284666F9005028B4 = {
			isa = PBXGroup;
			children = (
				9CD989B3284666F9005028B4 /* MTGCommAchievements */,
				9CD989C9284666F9005028B4 /* MTGCommAchievementsTests */,
				9CD989D3284666F9005028B4 /* MTGCommAchievementsUITests */,
				9CD989B2284666F9005028B4 /* Products */,
			);
			sourceTree = "<group>";
		};
		9CD989B2284666F9005028B4 /* Products */ = {
			isa = PBXGroup;
			children = (
				9CD989B1284666F9005028B4 /* MTGCommAchievements.app */,
				9CD989C6284666F9005028B4 /* MTGCommAchievementsTests.xctest */,
				9CD989D0284666F9005028B4 /* MTGCommAchievementsUITests.xctest */,
			);
			name = Products;
			sourceTree = "<group>";
		};
		9CD989B3284666F9005028B4 /* MTGCommAchievements */ = {
			isa = PBXGroup;
			children = (
				9CD989ED2846880B005028B4 /* Info.plist */,
				9CD989EA28467A33005028B4 /* ViewModels */,
				9CD989E5284676CD005028B4 /* Models */,
				9CD989B4284666F9005028B4 /* MTGCommAchievementsApp.swift */,
				9CD989B8284666F9005028B4 /* Assets.xcassets */,
				9CD989BD284666F9005028B4 /* Persistence.swift */,
				9CD989BF284666F9005028B4 /* MTGCommAchievements.xcdatamodeld */,
				9CD989BA284666F9005028B4 /* Preview Content */,
				9CD989E328467321005028B4 /* AchievementService.swift */,
				9CD989E8284679A9005028B4 /* Achievements.swift */,
				9CD989EE2849449B005028B4 /* CreatePlayer.swift */,
			);
			path = MTGCommAchievements;
			sourceTree = "<group>";
		};
		9CD989BA284666F9005028B4 /* Preview Content */ = {
			isa = PBXGroup;
			children = (
				9CD989BB284666F9005028B4 /* Preview Assets.xcassets */,
			);
			path = "Preview Content";
			sourceTree = "<group>";
		};
		9CD989C9284666F9005028B4 /* MTGCommAchievementsTests */ = {
			isa = PBXGroup;
			children = (
				9CD989CA284666F9005028B4 /* MTGCommAchievementsTests.swift */,
			);
			path = MTGCommAchievementsTests;
			sourceTree = "<group>";
		};
		9CD989D3284666F9005028B4 /* MTGCommAchievementsUITests */ = {
			isa = PBXGroup;
			children = (
				9CD989D4284666F9005028B4 /* MTGCommAchievementsUITests.swift */,
				9CD989D6284666F9005028B4 /* MTGCommAchievementsUITestsLaunchTests.swift */,
			);
			path = MTGCommAchievementsUITests;
			sourceTree = "<group>";
		};
		9CD989E5284676CD005028B4 /* Models */ = {
			isa = PBXGroup;
			children = (
				9CD989E6284676EB005028B4 /* Achievement.swift */,
			);
			path = Models;
			sourceTree = "<group>";
		};
		9CD989EA28467A33005028B4 /* ViewModels */ = {
			isa = PBXGroup;
			children = (
				9CD989EB28467A53005028B4 /* AchievementsViewModel.swift */,
			);
			path = ViewModels;
			sourceTree = "<group>";
		};
/* End PBXGroup section */

/* Begin PBXNativeTarget section */
		9CD989B0284666F9005028B4 /* MTGCommAchievements */ = {
			isa = PBXNativeTarget;
			buildConfigurationList = 9CD989DA284666F9005028B4 /* Build configuration list for PBXNativeTarget "MTGCommAchievements" */;
			buildPhases = (
				9CD989AD284666F9005028B4 /* Sources */,
				9CD989AE284666F9005028B4 /* Frameworks */,
				9CD989AF284666F9005028B4 /* Resources */,
			);
			buildRules = (
			);
			dependencies = (
			);
			name = MTGCommAchievements;
			productName = MTGCommAchievements;
			productReference = 9CD989B1284666F9005028B4 /* MTGCommAchievements.app */;
			productType = "com.apple.product-type.application";
		};
		9CD989C5284666F9005028B4 /* MTGCommAchievementsTests */ = {
			isa = PBXNativeTarget;
			buildConfigurationList = 9CD989DD284666F9005028B4 /* Build configuration list for PBXNativeTarget "MTGCommAchievementsTests" */;
			buildPhases = (
				9CD989C2284666F9005028B4 /* Sources */,
				9CD989C3284666F9005028B4 /* Frameworks */,
				9CD989C4284666F9005028B4 /* Resources */,
			);
			buildRules = (
			);
			dependencies = (
				9CD989C8284666F9005028B4 /* PBXTargetDependency */,
			);
			name = MTGCommAchievementsTests;
			productName = MTGCommAchievementsTests;
			productReference = 9CD989C6284666F9005028B4 /* MTGCommAchievementsTests.xctest */;
			productType = "com.apple.product-type.bundle.unit-test";
		};
		9CD989CF284666F9005028B4 /* MTGCommAchievementsUITests */ = {
			isa = PBXNativeTarget;
			buildConfigurationList = 9CD989E0284666F9005028B4 /* Build configuration list for PBXNativeTarget "MTGCommAchievementsUITests" */;
			buildPhases = (
				9CD989CC284666F9005028B4 /* Sources */,
				9CD989CD284666F9005028B4 /* Frameworks */,
				9CD989CE284666F9005028B4 /* Resources */,
			);
			buildRules = (
			);
			dependencies = (
				9CD989D2284666F9005028B4 /* PBXTargetDependency */,
			);
			name = MTGCommAchievementsUITests;
			productName = MTGCommAchievementsUITests;
			productReference = 9CD989D0284666F9005028B4 /* MTGCommAchievementsUITests.xctest */;
			productType = "com.apple.product-type.bundle.ui-testing";
		};
/* End PBXNativeTarget section */

/* Begin PBXProject section */
		9CD989A9284666F9005028B4 /* Project object */ = {
			isa = PBXProject;
			attributes = {
				BuildIndependentTargetsInParallel = 1;
				LastSwiftUpdateCheck = 1340;
				LastUpgradeCheck = 1340;
				TargetAttributes = {
					9CD989B0284666F9005028B4 = {
						CreatedOnToolsVersion = 13.4;
					};
					9CD989C5284666F9005028B4 = {
						CreatedOnToolsVersion = 13.4;
						TestTargetID = 9CD989B0284666F9005028B4;
					};
					9CD989CF284666F9005028B4 = {
						CreatedOnToolsVersion = 13.4;
						TestTargetID = 9CD989B0284666F9005028B4;
					};
				};
			};
			buildConfigurationList = 9CD989AC284666F9005028B4 /* Build configuration list for PBXProject "MTGCommAchievements" */;
			compatibilityVersion = "Xcode 13.0";
			developmentRegion = en;
			hasScannedForEncodings = 0;
			knownRegions = (
				en,
				Base,
			);
			mainGroup = 9CD989A8284666F9005028B4;
			productRefGroup = 9CD989B2284666F9005028B4 /* Products */;
			projectDirPath = "";
			projectRoot = "";
			targets = (
				9CD989B0284666F9005028B4 /* MTGCommAchievements */,
				9CD989C5284666F9005028B4 /* MTGCommAchievementsTests */,
				9CD989CF284666F9005028B4 /* MTGCommAchievementsUITests */,
			);
		};
/* End PBXProject section */

/* Begin PBXResourcesBuildPhase section */
		9CD989AF284666F9005028B4 /* Resources */ = {
			isa = PBXResourcesBuildPhase;
			buildActionMask = 2147483647;
			files = (
				9CD989BC284666F9005028B4 /* Preview Assets.xcassets in Resources */,
				9CD989B9284666F9005028B4 /* Assets.xcassets in Resources */,
			);
			runOnlyForDeploymentPostprocessing = 0;
		};
		9CD989C4284666F9005028B4 /* Resources */ = {
			isa = PBXResourcesBuildPhase;
			buildActionMask = 2147483647;
			files = (
			);
			runOnlyForDeploymentPostprocessing = 0;
		};
		9CD989CE284666F9005028B4 /* Resources */ = {
			isa = PBXResourcesBuildPhase;
			buildActionMask = 2147483647;
			files = (
			);
			runOnlyForDeploymentPostprocessing = 0;
		};
/* End PBXResourcesBuildPhase section */

/* Begin PBXSourcesBuildPhase section */
		9CD989AD284666F9005028B4 /* Sources */ = {
			isa = PBXSourcesBuildPhase;
			buildActionMask = 2147483647;
			files = (
				9CD989E428467321005028B4 /* AchievementService.swift in Sources */,
				9CD989E9284679A9005028B4 /* Achievements.swift in Sources */,
				9CD989E7284676EB005028B4 /* Achievement.swift in Sources */,
				9CD989C1284666F9005028B4 /* MTGCommAchievements.xcdatamodeld in Sources */,
				9CD989BE284666F9005028B4 /* Persistence.swift in Sources */,
				9CD989EC28467A53005028B4 /* AchievementsViewModel.swift in Sources */,
				9CD989EF2849449B005028B4 /* CreatePlayer.swift in Sources */,
				9CD989B5284666F9005028B4 /* MTGCommAchievementsApp.swift in Sources */,
			);
			runOnlyForDeploymentPostprocessing = 0;
		};
		9CD989C2284666F9005028B4 /* Sources */ = {
			isa = PBXSourcesBuildPhase;
			buildActionMask = 2147483647;
			files = (
				9CD989CB284666F9005028B4 /* MTGCommAchievementsTests.swift in Sources */,
			);
			runOnlyForDeploymentPostprocessing = 0;
		};
		9CD989CC284666F9005028B4 /* Sources */ = {
			isa = PBXSourcesBuildPhase;
			buildActionMask = 2147483647;
			files = (
				9CD989D5284666F9005028B4 /* MTGCommAchievementsUITests.swift in Sources */,
				9CD989D7284666F9005028B4 /* MTGCommAchievementsUITestsLaunchTests.swift in Sources */,
			);
			runOnlyForDeploymentPostprocessing = 0;
		};
/* End PBXSourcesBuildPhase section */

/* Begin PBXTargetDependency section */
		9CD989C8284666F9005028B4 /* PBXTargetDependency */ = {
			isa = PBXTargetDependency;
			target = 9CD989B0284666F9005028B4 /* MTGCommAchievements */;
			targetProxy = 9CD989C7284666F9005028B4 /* PBXContainerItemProxy */;
		};
		9CD989D2284666F9005028B4 /* PBXTargetDependency */ = {
			isa = PBXTargetDependency;
			target = 9CD989B0284666F9005028B4 /* MTGCommAchievements */;
			targetProxy = 9CD989D1284666F9005028B4 /* PBXContainerItemProxy */;
		};
/* End PBXTargetDependency section */

/* Begin XCBuildConfiguration section */
		9CD989D8284666F9005028B4 /* Debug */ = {
			isa = XCBuildConfiguration;
			buildSettings = {
				ALWAYS_SEARCH_USER_PATHS = NO;
				CLANG_ANALYZER_NONNULL = YES;
				CLANG_ANALYZER_NUMBER_OBJECT_CONVERSION = YES_AGGRESSIVE;
				CLANG_CXX_LANGUAGE_STANDARD = "gnu++17";
				CLANG_ENABLE_MODULES = YES;
				CLANG_ENABLE_OBJC_ARC = YES;
				CLANG_ENABLE_OBJC_WEAK = YES;
				CLANG_WARN_BLOCK_CAPTURE_AUTORELEASING = YES;
				CLANG_WARN_BOOL_CONVERSION = YES;
				CLANG_WARN_COMMA = YES;
				CLANG_WARN_CONSTANT_CONVERSION = YES;
				CLANG_WARN_DEPRECATED_OBJC_IMPLEMENTATIONS = YES;
				CLANG_WARN_DIRECT_OBJC_ISA_USAGE = YES_ERROR;
				CLANG_WARN_DOCUMENTATION_COMMENTS = YES;
				CLANG_WARN_EMPTY_BODY = YES;
				CLANG_WARN_ENUM_CONVERSION = YES;
				CLANG_WARN_INFINITE_RECURSION = YES;
				CLANG_WARN_INT_CONVERSION = YES;
				CLANG_WARN_NON_LITERAL_NULL_CONVERSION = YES;
				CLANG_WARN_OBJC_IMPLICIT_RETAIN_SELF = YES;
				CLANG_WARN_OBJC_LITERAL_CONVERSION = YES;
				CLANG_WARN_OBJC_ROOT_CLASS = YES_ERROR;
				CLANG_WARN_QUOTED_INCLUDE_IN_FRAMEWORK_HEADER = YES;
				CLANG_WARN_RANGE_LOOP_ANALYSIS = YES;
				CLANG_WARN_STRICT_PROTOTYPES = YES;
				CLANG_WARN_SUSPICIOUS_MOVE = YES;
				CLANG_WARN_UNGUARDED_AVAILABILITY = YES_AGGRESSIVE;
				CLANG_WARN_UNREACHABLE_CODE = YES;
				CLANG_WARN__DUPLICATE_METHOD_MATCH = YES;
				COPY_PHASE_STRIP = NO;
				DEBUG_INFORMATION_FORMAT = dwarf;
				ENABLE_STRICT_OBJC_MSGSEND = YES;
				ENABLE_TESTABILITY = YES;
				GCC_C_LANGUAGE_STANDARD = gnu11;
				GCC_DYNAMIC_NO_PIC = NO;
				GCC_NO_COMMON_BLOCKS = YES;
				GCC_OPTIMIZATION_LEVEL = 0;
				GCC_PREPROCESSOR_DEFINITIONS = (
					"DEBUG=1",
					"$(inherited)",
				);
				GCC_WARN_64_TO_32_BIT_CONVERSION = YES;
				GCC_WARN_ABOUT_RETURN_TYPE = YES_ERROR;
				GCC_WARN_UNDECLARED_SELECTOR = YES;
				GCC_WARN_UNINITIALIZED_AUTOS = YES_AGGRESSIVE;
				GCC_WARN_UNUSED_FUNCTION = YES;
				GCC_WARN_UNUSED_VARIABLE = YES;
				IPHONEOS_DEPLOYMENT_TARGET = 15.5;
				MTL_ENABLE_DEBUG_INFO = INCLUDE_SOURCE;
				MTL_FAST_MATH = YES;
				ONLY_ACTIVE_ARCH = YES;
				SDKROOT = iphoneos;
				SWIFT_ACTIVE_COMPILATION_CONDITIONS = DEBUG;
				SWIFT_OPTIMIZATION_LEVEL = "-Onone";
			};
			name = Debug;
		};
		9CD989D9284666F9005028B4 /* Release */ = {
			isa = XCBuildConfiguration;
			buildSettings = {
				ALWAYS_SEARCH_USER_PATHS = NO;
				CLANG_ANALYZER_NONNULL = YES;
				CLANG_ANALYZER_NUMBER_OBJECT_CONVERSION = YES_AGGRESSIVE;
				CLANG_CXX_LANGUAGE_STANDARD = "gnu++17";
				CLANG_ENABLE_MODULES = YES;
				CLANG_ENABLE_OBJC_ARC = YES;
				CLANG_ENABLE_OBJC_WEAK = YES;
				CLANG_WARN_BLOCK_CAPTURE_AUTORELEASING = YES;
				CLANG_WARN_BOOL_CONVERSION = YES;
				CLANG_WARN_COMMA = YES;
				CLANG_WARN_CONSTANT_CONVERSION = YES;
				CLANG_WARN_DEPRECATED_OBJC_IMPLEMENTATIONS = YES;
				CLANG_WARN_DIRECT_OBJC_ISA_USAGE = YES_ERROR;
				CLANG_WARN_DOCUMENTATION_COMMENTS = YES;
				CLANG_WARN_EMPTY_BODY = YES;
				CLANG_WARN_ENUM_CONVERSION = YES;
				CLANG_WARN_INFINITE_RECURSION = YES;
				CLANG_WARN_INT_CONVERSION = YES;
				CLANG_WARN_NON_LITERAL_NULL_CONVERSION = YES;
				CLANG_WARN_OBJC_IMPLICIT_RETAIN_SELF = YES;
				CLANG_WARN_OBJC_LITERAL_CONVERSION = YES;
				CLANG_WARN_OBJC_ROOT_CLASS = YES_ERROR;
				CLANG_WARN_QUOTED_INCLUDE_IN_FRAMEWORK_HEADER = YES;
				CLANG_WARN_RANGE_LOOP_ANALYSIS = YES;
				CLANG_WARN_STRICT_PROTOTYPES = YES;
				CLANG_WARN_SUSPICIOUS_MOVE = YES;
				CLANG_WARN_UNGUARDED_AVAILABILITY = YES_AGGRESSIVE;
				CLANG_WARN_UNREACHABLE_CODE = YES;
				CLANG_WARN__DUPLICATE_METHOD_MATCH = YES;
				COPY_PHASE_STRIP = NO;
				DEBUG_INFORMATION_FORMAT = "dwarf-with-dsym";
				ENABLE_NS_ASSERTIONS = NO;
				ENABLE_STRICT_OBJC_MSGSEND = YES;
				GCC_C_LANGUAGE_STANDARD = gnu11;
				GCC_NO_COMMON_BLOCKS = YES;
				GCC_WARN_64_TO_32_BIT_CONVERSION = YES;
				GCC_WARN_ABOUT_RETURN_TYPE = YES_ERROR;
				GCC_WARN_UNDECLARED_SELECTOR = YES;
				GCC_WARN_UNINITIALIZED_AUTOS = YES_AGGRESSIVE;
				GCC_WARN_UNUSED_FUNCTION = YES;
				GCC_WARN_UNUSED_VARIABLE = YES;
				IPHONEOS_DEPLOYMENT_TARGET = 15.5;
				MTL_ENABLE_DEBUG_INFO = NO;
				MTL_FAST_MATH = YES;
				SDKROOT = iphoneos;
				SWIFT_COMPILATION_MODE = wholemodule;
				SWIFT_OPTIMIZATION_LEVEL = "-O";
				VALIDATE_PRODUCT = YES;
			};
			name = Release;
		};
		9CD989DB284666F9005028B4 /* Debug */ = {
			isa = XCBuildConfiguration;
			buildSettings = {
				ASSETCATALOG_COMPILER_APPICON_NAME = AppIcon;
				ASSETCATALOG_COMPILER_GLOBAL_ACCENT_COLOR_NAME = AccentColor;
				CODE_SIGN_STYLE = Automatic;
				CURRENT_PROJECT_VERSION = 1;
				DEVELOPMENT_ASSET_PATHS = "\"MTGCommAchievements/Preview Content\"";
				ENABLE_PREVIEWS = YES;
				GENERATE_INFOPLIST_FILE = YES;
				INFOPLIST_FILE = MTGCommAchievements/Info.plist;
				INFOPLIST_KEY_UIApplicationSceneManifest_Generation = YES;
				INFOPLIST_KEY_UIApplicationSupportsIndirectInputEvents = YES;
				INFOPLIST_KEY_UILaunchScreen_Generation = YES;
				INFOPLIST_KEY_UISupportedInterfaceOrientations_iPad = "UIInterfaceOrientationPortrait UIInterfaceOrientationPortraitUpsideDown UIInterfaceOrientationLandscapeLeft UIInterfaceOrientationLandscapeRight";
				INFOPLIST_KEY_UISupportedInterfaceOrientations_iPhone = "UIInterfaceOrientationPortrait UIInterfaceOrientationLandscapeLeft UIInterfaceOrientationLandscapeRight";
				LD_RUNPATH_SEARCH_PATHS = (
					"$(inherited)",
					"@executable_path/Frameworks",
				);
				MARKETING_VERSION = 1.0;
				PRODUCT_BUNDLE_IDENTIFIER = com.debottisdigitalforce.MTGCommAchievements;
				PRODUCT_NAME = "$(TARGET_NAME)";
				SWIFT_EMIT_LOC_STRINGS = YES;
				SWIFT_VERSION = 5.0;
				TARGETED_DEVICE_FAMILY = "1,2";
			};
			name = Debug;
		};
		9CD989DC284666F9005028B4 /* Release */ = {
			isa = XCBuildConfiguration;
			buildSettings = {
				ASSETCATALOG_COMPILER_APPICON_NAME = AppIcon;
				ASSETCATALOG_COMPILER_GLOBAL_ACCENT_COLOR_NAME = AccentColor;
				CODE_SIGN_STYLE = Automatic;
				CURRENT_PROJECT_VERSION = 1;
				DEVELOPMENT_ASSET_PATHS = "\"MTGCommAchievements/Preview Content\"";
				ENABLE_PREVIEWS = YES;
				GENERATE_INFOPLIST_FILE = YES;
				INFOPLIST_FILE = MTGCommAchievements/Info.plist;
				INFOPLIST_KEY_UIApplicationSceneManifest_Generation = YES;
				INFOPLIST_KEY_UIApplicationSupportsIndirectInputEvents = YES;
				INFOPLIST_KEY_UILaunchScreen_Generation = YES;
				INFOPLIST_KEY_UISupportedInterfaceOrientations_iPad = "UIInterfaceOrientationPortrait UIInterfaceOrientationPortraitUpsideDown UIInterfaceOrientationLandscapeLeft UIInterfaceOrientationLandscapeRight";
				INFOPLIST_KEY_UISupportedInterfaceOrientations_iPhone = "UIInterfaceOrientationPortrait UIInterfaceOrientationLandscapeLeft UIInterfaceOrientationLandscapeRight";
				LD_RUNPATH_SEARCH_PATHS = (
					"$(inherited)",
					"@executable_path/Frameworks",
				);
				MARKETING_VERSION = 1.0;
				PRODUCT_BUNDLE_IDENTIFIER = com.debottisdigitalforce.MTGCommAchievements;
				PRODUCT_NAME = "$(TARGET_NAME)";
				SWIFT_EMIT_LOC_STRINGS = YES;
				SWIFT_VERSION = 5.0;
				TARGETED_DEVICE_FAMILY = "1,2";
			};
			name = Release;
		};
		9CD989DE284666F9005028B4 /* Debug */ = {
			isa = XCBuildConfiguration;
			buildSettings = {
				ALWAYS_EMBED_SWIFT_STANDARD_LIBRARIES = YES;
				BUNDLE_LOADER = "$(TEST_HOST)";
				CODE_SIGN_STYLE = Automatic;
				CURRENT_PROJECT_VERSION = 1;
				GENERATE_INFOPLIST_FILE = YES;
				IPHONEOS_DEPLOYMENT_TARGET = 15.5;
				MARKETING_VERSION = 1.0;
				PRODUCT_BUNDLE_IDENTIFIER = com.debottisdigitalforce.MTGCommAchievementsTests;
				PRODUCT_NAME = "$(TARGET_NAME)";
				SWIFT_EMIT_LOC_STRINGS = NO;
				SWIFT_VERSION = 5.0;
				TARGETED_DEVICE_FAMILY = "1,2";
				TEST_HOST = "$(BUILT_PRODUCTS_DIR)/MTGCommAchievements.app/MTGCommAchievements";
			};
			name = Debug;
		};
		9CD989DF284666F9005028B4 /* Release */ = {
			isa = XCBuildConfiguration;
			buildSettings = {
				ALWAYS_EMBED_SWIFT_STANDARD_LIBRARIES = YES;
				BUNDLE_LOADER = "$(TEST_HOST)";
				CODE_SIGN_STYLE = Automatic;
				CURRENT_PROJECT_VERSION = 1;
				GENERATE_INFOPLIST_FILE = YES;
				IPHONEOS_DEPLOYMENT_TARGET = 15.5;
				MARKETING_VERSION = 1.0;
				PRODUCT_BUNDLE_IDENTIFIER = com.debottisdigitalforce.MTGCommAchievementsTests;
				PRODUCT_NAME = "$(TARGET_NAME)";
				SWIFT_EMIT_LOC_STRINGS = NO;
				SWIFT_VERSION = 5.0;
				TARGETED_DEVICE_FAMILY = "1,2";
				TEST_HOST = "$(BUILT_PRODUCTS_DIR)/MTGCommAchievements.app/MTGCommAchievements";
			};
			name = Release;
		};
		9CD989E1284666F9005028B4 /* Debug */ = {
			isa = XCBuildConfiguration;
			buildSettings = {
				ALWAYS_EMBED_SWIFT_STANDARD_LIBRARIES = YES;
				CODE_SIGN_STYLE = Automatic;
				CURRENT_PROJECT_VERSION = 1;
				GENERATE_INFOPLIST_FILE = YES;
				MARKETING_VERSION = 1.0;
				PRODUCT_BUNDLE_IDENTIFIER = com.debottisdigitalforce.MTGCommAchievementsUITests;
				PRODUCT_NAME = "$(TARGET_NAME)";
				SWIFT_EMIT_LOC_STRINGS = NO;
				SWIFT_VERSION = 5.0;
				TARGETED_DEVICE_FAMILY = "1,2";
				TEST_TARGET_NAME = MTGCommAchievements;
			};
			name = Debug;
		};
		9CD989E2284666F9005028B4 /* Release */ = {
			isa = XCBuildConfiguration;
			buildSettings = {
				ALWAYS_EMBED_SWIFT_STANDARD_LIBRARIES = YES;
				CODE_SIGN_STYLE = Automatic;
				CURRENT_PROJECT_VERSION = 1;
				GENERATE_INFOPLIST_FILE = YES;
				MARKETING_VERSION = 1.0;
				PRODUCT_BUNDLE_IDENTIFIER = com.debottisdigitalforce.MTGCommAchievementsUITests;
				PRODUCT_NAME = "$(TARGET_NAME)";
				SWIFT_EMIT_LOC_STRINGS = NO;
				SWIFT_VERSION = 5.0;
				TARGETED_DEVICE_FAMILY = "1,2";
				TEST_TARGET_NAME = MTGCommAchievements;
			};
			name = Release;
		};
/* End XCBuildConfiguration section */

/* Begin XCConfigurationList section */
		9CD989AC284666F9005028B4 /* Build configuration list for PBXProject "MTGCommAchievements" */ = {
			isa = XCConfigurationList;
			buildConfigurations = (
				9CD989D8284666F9005028B4 /* Debug */,
				9CD989D9284666F9005028B4 /* Release */,
			);
			defaultConfigurationIsVisible = 0;
			defaultConfigurationName = Release;
		};
		9CD989DA284666F9005028B4 /* Build configuration list for PBXNativeTarget "MTGCommAchievements" */ = {
			isa = XCConfigurationList;
			buildConfigurations = (
				9CD989DB284666F9005028B4 /* Debug */,
				9CD989DC284666F9005028B4 /* Release */,
			);
			defaultConfigurationIsVisible = 0;
			defaultConfigurationName = Release;
		};
		9CD989DD284666F9005028B4 /* Build configuration list for PBXNativeTarget "MTGCommAchievementsTests" */ = {
			isa = XCConfigurationList;
			buildConfigurations = (
				9CD989DE284666F9005028B4 /* Debug */,
				9CD989DF284666F9005028B4 /* Release */,
			);
			defaultConfigurationIsVisible = 0;
			defaultConfigurationName = Release;
		};
		9CD989E0284666F9005028B4 /* Build configuration list for PBXNativeTarget "MTGCommAchievementsUITests" */ = {
			isa = XCConfigurationList;
			buildConfigurations = (
				9CD989E1284666F9005028B4 /* Debug */,
				9CD989E2284666F9005028B4 /* Release */,
			);
			defaultConfigurationIsVisible = 0;
			defaultConfigurationName = Release;
		};
/* End XCConfigurationList section */

/* Begin XCVersionGroup section */
		9CD989BF284666F9005028B4 /* MTGCommAchievements.xcdatamodeld */ = {
			isa = XCVersionGroup;
			children = (
				9CD989C0284666F9005028B4 /* MTGCommAchievements.xcdatamodel */,
			);
			currentVersion = 9CD989C0284666F9005028B4 /* MTGCommAchievements.xcdatamodel */;
			path = MTGCommAchievements.xcdatamodeld;
			sourceTree = "<group>";
			versionGroupType = wrapper.xcdatamodel;
		};
/* End XCVersionGroup section */
	};
	rootObject = 9CD989A9284666F9005028B4 /* Project object */;
}
